
Microsoft Visual Studio Solution File, Format Version 12.00
# Visual Studio Version 16
VisualStudioVersion = 16.0.30907.101
MinimumVisualStudioVersion = 10.0.40219.1
Project("{FAE04EC0-301F-11D3-BF4B-00C04F79EFBC}") = "DBHelper", "DBHelper\DBHelper.csproj", "{C77BD084-C514-4769-9D95-AC5594666965}"
EndProject
Project("{FAE04EC0-301F-11D3-BF4B-00C04F79EFBC}") = "BLL", "BLL\BLL.csproj", "{E4DD117D-7DE2-4BA2-BAE7-CCAA4D5ABC6D}"
EndProject
Project("{FAE04EC0-301F-11D3-BF4B-00C04F79EFBC}") = "Common", "Common\Common.csproj", "{303CD90B-EEB8-4C97-A929-78ED546F1718}"
EndProject
Project("{FAE04EC0-301F-11D3-BF4B-00C04F79EFBC}") = "DAL", "DAL\DAL.csproj", "{F224504C-EE90-4136-9BD7-2DAA04773BB7}"
EndProject
Project("{FAE04EC0-301F-11D3-BF4B-00C04F79EFBC}") = "WebApi", "WebApi\WebApi.csproj", "{A928BAAF-D656-4AD4-978A-6D902CE0C3C5}"
EndProject
Project("{FAE04EC0-301F-11D3-BF4B-00C04F79EFBC}") = "Model", "Model\Model.csproj", "{E5F0B6A1-A315-45B1-8C8B-7AF4C6964E82}"
EndProject
Project("{2150E333-8FDC-42A3-9474-1A3956D46DE8}") = "Api", "Api", "{E057BEBC-63CE-4B9F-8D11-0FD52CF10696}"
EndProject
Project("{FAE04EC0-301F-11D3-BF4B-00C04F79EFBC}") = "BaseApi", "Api\BaseApi\BaseApi.csproj", "{2F935C84-7021-43A3-9C4A-EF2950F2A710}"
EndProject
Project("{FAE04EC0-301F-11D3-BF4B-00C04F79EFBC}") = "WeChatApi", "Api\WeChatApi\WeChatApi.csproj", "{3334B298-15E7-4E51-9F5B-9A3C921B3970}"
EndProject
Global
	GlobalSection(SolutionConfigurationPlatforms) = preSolution
		Debug|Any CPU = Debug|Any CPU
		Debug|x86 = Debug|x86
		Release|Any CPU = Release|Any CPU
		Release|x86 = Release|x86
	EndGlobalSection
	GlobalSection(ProjectConfigurationPlatforms) = postSolution
		{C77BD084-C514-4769-9D95-AC5594666965}.Debug|Any CPU.ActiveCfg = Debug|Any CPU
		{C77BD084-C514-4769-9D95-AC5594666965}.Debug|Any CPU.Build.0 = Debug|Any CPU
		{C77BD084-C514-4769-9D95-AC5594666965}.Debug|x86.ActiveCfg = Debug|Any CPU
		{C77BD084-C514-4769-9D95-AC5594666965}.Debug|x86.Build.0 = Debug|Any CPU
		{C77BD084-C514-4769-9D95-AC5594666965}.Release|Any CPU.ActiveCfg = Release|Any CPU
		{C77BD084-C514-4769-9D95-AC5594666965}.Release|Any CPU.Build.0 = Release|Any CPU
		{C77BD084-C514-4769-9D95-AC5594666965}.Release|x86.ActiveCfg = Release|Any CPU
		{C77BD084-C514-4769-9D95-AC5594666965}.Release|x86.Build.0 = Release|Any CPU
		{E4DD117D-7DE2-4BA2-BAE7-CCAA4D5ABC6D}.Debug|Any CPU.ActiveCfg = Debug|Any CPU
		{E4DD117D-7DE2-4BA2-BAE7-CCAA4D5ABC6D}.Debug|Any CPU.Build.0 = Debug|Any CPU
		{E4DD117D-7DE2-4BA2-BAE7-CCAA4D5ABC6D}.Debug|x86.ActiveCfg = Debug|Any CPU
		{E4DD117D-7DE2-4BA2-BAE7-CCAA4D5ABC6D}.Debug|x86.Build.0 = Debug|Any CPU
		{E4DD117D-7DE2-4BA2-BAE7-CCAA4D5ABC6D}.Release|Any CPU.ActiveCfg = Release|Any CPU
		{E4DD117D-7DE2-4BA2-BAE7-CCAA4D5ABC6D}.Release|Any CPU.Build.0 = Release|Any CPU
		{E4DD117D-7DE2-4BA2-BAE7-CCAA4D5ABC6D}.Release|x86.ActiveCfg = Release|Any CPU
		{E4DD117D-7DE2-4BA2-BAE7-CCAA4D5ABC6D}.Release|x86.Build.0 = Release|Any CPU
		{303CD90B-EEB8-4C97-A929-78ED546F1718}.Debug|Any CPU.ActiveCfg = Debug|Any CPU
		{303CD90B-EEB8-4C97-A929-78ED546F1718}.Debug|Any CPU.Build.0 = Debug|Any CPU
		{303CD90B-EEB8-4C97-A929-78ED546F1718}.Debug|x86.ActiveCfg = Debug|Any CPU
		{303CD90B-EEB8-4C97-A929-78ED546F1718}.Debug|x86.Build.0 = Debug|Any CPU
		{303CD90B-EEB8-4C97-A929-78ED546F1718}.Release|Any CPU.ActiveCfg = Release|Any CPU
		{303CD90B-EEB8-4C97-A929-78ED546F1718}.Release|Any CPU.Build.0 = Release|Any CPU
		{303CD90B-EEB8-4C97-A929-78ED546F1718}.Release|x86.ActiveCfg = Release|Any CPU
		{303CD90B-EEB8-4C97-A929-78ED546F1718}.Release|x86.Build.0 = Release|Any CPU
		{F224504C-EE90-4136-9BD7-2DAA04773BB7}.Debug|Any CPU.ActiveCfg = Debug|Any CPU
		{F224504C-EE90-4136-9BD7-2DAA04773BB7}.Debug|Any CPU.Build.0 = Debug|Any CPU
		{F224504C-EE90-4136-9BD7-2DAA04773BB7}.Debug|x86.ActiveCfg = Debug|Any CPU
		{F224504C-EE90-4136-9BD7-2DAA04773BB7}.Debug|x86.Build.0 = Debug|Any CPU
		{F224504C-EE90-4136-9BD7-2DAA04773BB7}.Release|Any CPU.ActiveCfg = Release|Any CPU
		{F224504C-EE90-4136-9BD7-2DAA04773BB7}.Release|Any CPU.Build.0 = Release|Any CPU
		{F224504C-EE90-4136-9BD7-2DAA04773BB7}.Release|x86.ActiveCfg = Release|Any CPU
		{F224504C-EE90-4136-9BD7-2DAA04773BB7}.Release|x86.Build.0 = Release|Any CPU
		{A928BAAF-D656-4AD4-978A-6D902CE0C3C5}.Debug|Any CPU.ActiveCfg = Debug|Any CPU
		{A928BAAF-D656-4AD4-978A-6D902CE0C3C5}.Debug|Any CPU.Build.0 = Debug|Any CPU
		{A928BAAF-D656-4AD4-978A-6D902CE0C3C5}.Debug|x86.ActiveCfg = Debug|Any CPU
		{A928BAAF-D656-4AD4-978A-6D902CE0C3C5}.Debug|x86.Build.0 = Debug|Any CPU
		{A928BAAF-D656-4AD4-978A-6D902CE0C3C5}.Release|Any CPU.ActiveCfg = Release|Any CPU
		{A928BAAF-D656-4AD4-978A-6D902CE0C3C5}.Release|Any CPU.Build.0 = Release|Any CPU
		{A928BAAF-D656-4AD4-978A-6D902CE0C3C5}.Release|x86.ActiveCfg = Release|Any CPU
		{A928BAAF-D656-4AD4-978A-6D902CE0C3C5}.Release|x86.Build.0 = Release|Any CPU
		{E5F0B6A1-A315-45B1-8C8B-7AF4C6964E82}.Debug|Any CPU.ActiveCfg = Debug|Any CPU
		{E5F0B6A1-A315-45B1-8C8B-7AF4C6964E82}.Debug|Any CPU.Build.0 = Debug|Any CPU
		{E5F0B6A1-A315-45B1-8C8B-7AF4C6964E82}.Debug|x86.ActiveCfg = Debug|Any CPU
		{E5F0B6A1-A315-45B1-8C8B-7AF4C6964E82}.Debug|x86.Build.0 = Debug|Any CPU
		{E5F0B6A1-A315-45B1-8C8B-7AF4C6964E82}.Release|Any CPU.ActiveCfg = Release|Any CPU
		{E5F0B6A1-A315-45B1-8C8B-7AF4C6964E82}.Release|Any CPU.Build.0 = Release|Any CPU
		{E5F0B6A1-A315-45B1-8C8B-7AF4C6964E82}.Release|x86.ActiveCfg = Release|Any CPU
		{E5F0B6A1-A315-45B1-8C8B-7AF4C6964E82}.Release|x86.Build.0 = Release|Any CPU
		{2F935C84-7021-43A3-9C4A-EF2950F2A710}.Debug|Any CPU.ActiveCfg = Debug|Any CPU
		{2F935C84-7021-43A3-9C4A-EF2950F2A710}.Debug|Any CPU.Build.0 = Debug|Any CPU
		{2F935C84-7021-43A3-9C4A-EF2950F2A710}.Debug|x86.ActiveCfg = Debug|Any CPU
		{2F935C84-7021-43A3-9C4A-EF2950F2A710}.Debug|x86.Build.0 = Debug|Any CPU
		{2F935C84-7021-43A3-9C4A-EF2950F2A710}.Release|Any CPU.ActiveCfg = Release|Any CPU
		{2F935C84-7021-43A3-9C4A-EF2950F2A710}.Release|Any CPU.Build.0 = Release|Any CPU
		{2F935C84-7021-43A3-9C4A-EF2950F2A710}.Release|x86.ActiveCfg = Release|Any CPU
		{2F935C84-7021-43A3-9C4A-EF2950F2A710}.Release|x86.Build.0 = Release|Any CPU
		{3334B298-15E7-4E51-9F5B-9A3C921B3970}.Debug|Any CPU.ActiveCfg = Debug|Any CPU
		{3334B298-15E7-4E51-9F5B-9A3C921B3970}.Debug|Any CPU.Build.0 = Debug|Any CPU
		{3334B298-15E7-4E51-9F5B-9A3C921B3970}.Debug|x86.ActiveCfg = Debug|Any CPU
		{3334B298-15E7-4E51-9F5B-9A3C921B3970}.Debug|x86.Build.0 = Debug|Any CPU
		{3334B298-15E7-4E51-9F5B-9A3C921B3970}.Release|Any CPU.ActiveCfg = Release|Any CPU
		{3334B298-15E7-4E51-9F5B-9A3C921B3970}.Release|Any CPU.Build.0 = Release|Any CPU
		{3334B298-15E7-4E51-9F5B-9A3C921B3970}.Release|x86.ActiveCfg = Release|Any CPU
		{3334B298-15E7-4E51-9F5B-9A3C921B3970}.Release|x86.Build.0 = Release|Any CPU
	EndGlobalSection
	GlobalSection(SolutionProperties) = preSolution
		HideSolutionNode = FALSE
	EndGlobalSection
	GlobalSection(NestedProjects) = preSolution
		{2F935C84-7021-43A3-9C4A-EF2950F2A710} = {E057BEBC-63CE-4B9F-8D11-0FD52CF10696}
		{3334B298-15E7-4E51-9F5B-9A3C921B3970} = {E057BEBC-63CE-4B9F-8D11-0FD52CF10696}
	EndGlobalSection
	GlobalSection(ExtensibilityGlobals) = postSolution
		SolutionGuid = {0BD93512-BFBF-4B94-89EF-EB1BA4D6AA29}
	EndGlobalSection
EndGlobal
